# This file is automatically @generated by Poetry 1.5.1 and should not be changed by hand.

[[package]]
name = "dinosay"
version = "1.2.0"
description = "dinosay is a humble, simple, nice and paleolithic alternative to cowsay"
optional = false
python-versions = ">=3.5"
files = [
    {file = "dinosay-1.2.0-py3-none-any.whl", hash = "sha256:7fb8653098d0c1a61c3c02b3bf2076704a02d7b6def5e5df88dc8de9d01ed1a8"},
]

[metadata]
lock-version = "2.0"
python-versions = "^3.11"
content-hash = "ff7bc9af336e91d34a853d8585c0dfe72cfb6e2030b1284144fad4cef637faeb"
